<?xml version="1.0" encoding="utf-8"?>
<Project ToolsVersion="4.0" xmlns="http://schemas.microsoft.com/developer/msbuild/2003">
  <ItemGroup>
    <ClCompile Include="main.cpp" />
    <ClCompile Include="Ligthing.cpp" />
    <ClCompile Include="Animation.cpp" />
    <ClCompile Include="GTAObject.cpp" />
    <ClCompile Include="BattleChess.cpp" />
    <ClCompile Include="GTAUtils.cpp" />
    <ClCompile Include="ClipsetMovement.cpp" />
    <ClCompile Include="Keyboard.cpp" />
    <ClCompile Include="Scenario.cpp" />
    <ClCompile Include="Tinyxml2.cpp" />
    <ClCompile Include="Utils.cpp" />
    <ClCompile Include="BattleChessGameController.cpp" />
    <ClCompile Include="EngineModeController.cpp" />
    <ClCompile Include="ChessBoard.cpp" />
    <ClCompile Include="ChessPiece.cpp" />
    <ClCompile Include="ChessSet.cpp" />
    <ClCompile Include="ChessBattle.cpp" />
    <ClCompile Include="ChessPed.cpp" />
    <ClCompile Include="ChessSide.cpp" />
    <ClCompile Include="ChessBoardSquare.cpp" />
    <ClCompile Include="ChessMove.cpp" />
  </ItemGroup>
  <ItemGroup>
    <ClInclude Include="Lighting.h" />
    <ClInclude Include="Animation.h" />
    <ClInclude Include="Prop.h" />
    <ClInclude Include="GTAObject.h" />
    <ClInclude Include="BattleChess.h" />
    <ClInclude Include="EngineModeController.h" />
    <ClInclude Include="GTAUtils.h" />
    <ClInclude Include="ClipsetMovement.h" />
    <ClInclude Include="Keyboard.h" />
    <ClInclude Include="Scenario.h" />
    <ClInclude Include="Tinyxml2.h" />
    <ClInclude Include="Utils.h" />
    <ClInclude Include="BattleChessGameController.h" />
    <ClInclude Include="ChessBoard.h" />
    <ClInclude Include="ChessPiece.h" />
    <ClInclude Include="ChessSet.h" />
    <ClInclude Include="ChessBattle.h" />
    <ClInclude Include="ChessPed.h" />
    <ClInclude Include="ChessSide.h" />
    <ClInclude Include="ChessBoardSquare.h" />
    <ClInclude Include="ChessMove.h" />
    <ClInclude Include="inc\enums.h" />
    <ClInclude Include="inc\main.h">
      <Filter>inc</Filter>
    </ClInclude>
    <ClInclude Include="inc\nativeCaller.h">
      <Filter>inc</Filter>
    </ClInclude>
    <ClInclude Include="inc\natives.h">
      <Filter>inc</Filter>
    </ClInclude>
    <ClInclude Include="inc\types.h">
      <Filter>inc</Filter>
    </ClInclude>
  </ItemGroup>
  <ItemGroup>
    <Filter Include="inc">
      <UniqueIdentifier>{232c69a9-b327-4758-95ce-5939d827d0ce}</UniqueIdentifier>
    </Filter>
  </ItemGroup>
</Project>